// !$*UTF8*$!
{
	archiveVersion = 1;
	classes = {
	};
	objectVersion = 46;
	objects = {

/* Begin PBXBuildFile section */
		C62E35081C45C9FB00F81F5A /* AppDelegate.swift in Sources */ = {isa = PBXBuildFile; fileRef = C62E35071C45C9FB00F81F5A /* AppDelegate.swift */; };
		C62E350A1C45C9FB00F81F5A /* ViewController.swift in Sources */ = {isa = PBXBuildFile; fileRef = C62E35091C45C9FB00F81F5A /* ViewController.swift */; };
		C62E350D1C45C9FB00F81F5A /* Main.storyboard in Resources */ = {isa = PBXBuildFile; fileRef = C62E350B1C45C9FB00F81F5A /* Main.storyboard */; };
		C62E350F1C45C9FB00F81F5A /* Assets.xcassets in Resources */ = {isa = PBXBuildFile; fileRef = C62E350E1C45C9FB00F81F5A /* Assets.xcassets */; };
		C62E35121C45C9FB00F81F5A /* LaunchScreen.storyboard in Resources */ = {isa = PBXBuildFile; fileRef = C62E35101C45C9FB00F81F5A /* LaunchScreen.storyboard */; };
/* End PBXBuildFile section */

/* Begin PBXFileReference section */
		C62E35041C45C9FB00F81F5A /* Super Cool.app */ = {isa = PBXFileReference; explicitFileType = wrapper.application; includeInIndex = 0; path = "Super Cool.app"; sourceTree = BUILT_PRODUCTS_DIR; };
		C62E35071C45C9FB00F81F5A /* AppDelegate.swift */ = {isa = PBXFileReference; lastKnownFileType = sourcecode.swift; path = AppDelegate.swift; sourceTree = "<group>"; };
		C62E35091C45C9FB00F81F5A /* ViewController.swift */ = {isa = PBXFileReference; lastKnownFileType = sourcecode.swift; path = ViewController.swift; sourceTree = "<group>"; };
		C62E350C1C45C9FB00F81F5A /* Base */ = {isa = PBXFileReference; lastKnownFileType = file.storyboard; name = Base; path = Base.lproj/Main.storyboard; sourceTree = "<group>"; };
		C62E350E1C45C9FB00F81F5A /* Assets.xcassets */ = {isa = PBXFileReference; lastKnownFileType = folder.assetcatalog; path = Assets.xcassets; sourceTree = "<group>"; };
		C62E35111C45C9FB00F81F5A /* Base */ = {isa = PBXFileReference; lastKnownFileType = file.storyboard; name = Base; path = Base.lproj/LaunchScreen.storyboard; sourceTree = "<group>"; };
		C62E35131C45C9FB00F81F5A /* Info.plist */ = {isa = PBXFileReference; lastKnownFileType = text.plist.xml; path = Info.plist; sourceTree = "<group>"; };
/* End PBXFileReference section */

/* Begin PBXFrameworksBuildPhase section */
		C62E35011C45C9FB00F81F5A /* Frameworks */ = {
			isa = PBXFrameworksBuildPhase;
			buildActionMask = 2147483647;
			files = (
			);
			runOnlyForDeploymentPostprocessing = 0;
		};
/* End PBXFrameworksBuildPhase section */

/* Begin PBXGroup section */
		C62E34FB1C45C9FB00F81F5A = {
			isa = PBXGroup;
			children = (
				C62E35061C45C9FB00F81F5A /* Super Cool */,
				C62E35051C45C9FB00F81F5A /* Products */,
			);
			sourceTree = "<group>";
		};
		C62E35051C45C9FB00F81F5A /* Products */ = {
			isa = PBXGroup;
			children = (
				C62E35041C45C9FB00F81F5A /* Super Cool.app */,
			);
			name = Products;
			sourceTree = "<group>";
		};
		C62E35061C45C9FB00F81F5A /* Super Cool */ = {
			isa = PBXGroup;
			children = (
				C62E35071C45C9FB00F81F5A /* AppDelegate.swift */,
				C62E35091C45C9FB00F81F5A /* ViewController.swift */,
				C62E350B1C45C9FB00F81F5A /* Main.storyboard */,
				C62E350E1C45C9FB00F81F5A /* Assets.xcassets */,
				C62E35101C45C9FB00F81F5A /* LaunchScreen.storyboard */,
				C62E35131C45C9FB00F81F5A /* Info.plist */,
			);
			path = "Super Cool";
			sourceTree = "<group>";
		};
/* End PBXGroup section */

/* Begin PBXNativeTarget section */
		C62E35031C45C9FB00F81F5A /* Super Cool */ = {
			isa = PBXNativeTarget;
			buildConfigurationList = C62E35161C45C9FB00F81F5A /* Build configuration list for PBXNativeTarget "Super Cool" */;
			buildPhases = (
				C62E35001C45C9FB00F81F5A /* Sources */,
				C62E35011C45C9FB00F81F5A /* Frameworks */,
				C62E35021C45C9FB00F81F5A /* Resources */,
			);
			buildRules = (
			);
			dependencies = (
			);
			name = "Super Cool";
			productName = "Super Cool";
			productReference = C62E35041C45C9FB00F81F5A /* Super Cool.app */;
			productType = "com.apple.product-type.application";
		};
/* End PBXNativeTarget section */

/* Begin PBXProject section */
		C62E34FC1C45C9FB00F81F5A /* Project object */ = {
			isa = PBXProject;
			attributes = {
				LastSwiftUpdateCheck = 0720;
				LastUpgradeCheck = 0720;
				ORGANIZATIONNAME = "Robert Howe";
				TargetAttributes = {
					C62E35031C45C9FB00F81F5A = {
						CreatedOnToolsVersion = 7.2;
					};
				};
			};
			buildConfigurationList = C62E34FF1C45C9FB00F81F5A /* Build configuration list for PBXProject "Super Cool" */;
			compatibilityVersion = "Xcode 3.2";
			developmentRegion = English;
			hasScannedForEncodings = 0;
			knownRegions = (
				en,
				Base,
			);
			mainGroup = C62E34FB1C45C9FB00F81F5A;
			productRefGroup = C62E35051C45C9FB00F81F5A /* Products */;
			projectDirPath = "";
			projectRoot = "";
			targets = (
				C62E35031C45C9FB00F81F5A /* Super Cool */,
			);
		};
/* End PBXProject section */

/* Begin PBXResourcesBuildPhase section */
		C62E35021C45C9FB00F81F5A /* Resources */ = {
			isa = PBXResourcesBuildPhase;
			buildActionMask = 2147483647;
			files = (
				C62E35121C45C9FB00F81F5A /* LaunchScreen.storyboard in Resources */,
				C62E350F1C45C9FB00F81F5A /* Assets.xcassets in Resources */,
				C62E350D1C45C9FB00F81F5A /* Main.storyboard in Resources */,
			);
			runOnlyForDeploymentPostprocessing = 0;
		};
/* End PBXResourcesBuildPhase section */

/* Begin PBXSourcesBuildPhase section */
		C62E35001C45C9FB00F81F5A /* Sources */ = {
			isa = PBXSourcesBuildPhase;
			buildActionMask = 2147483647;
			files = (
				C62E350A1C45C9FB00F81F5A /* ViewController.swift in Sources */,
				C62E35081C45C9FB00F81F5A /* AppDelegate.swift in Sources */,
			);
			runOnlyForDeploymentPostprocessing = 0;
		};
/* End PBXSourcesBuildPhase section */

/* Begin PBXVariantGroup section */
		C62E350B1C45C9FB00F81F5A /* Main.storyboard */ = {
			isa = PBXVariantGroup;
			children = (
				C62E350C1C45C9FB00F81F5A /* Base */,
			);
			name = Main.storyboard;
			sourceTree = "<group>";
		};
		C62E35101C45C9FB00F81F5A /* LaunchScreen.storyboard */ = {
			isa = PBXVariantGroup;
			children = (
				C62E35111C45C9FB00F81F5A /* Base */,
			);
			name = LaunchScreen.storyboard;
			sourceTree = "<group>";
		};
/* End PBXVariantGroup section */

/* Begin XCBuildConfiguration section */
		C62E35141C45C9FB00F81F5A /* Debug */ = {
			isa = XCBuildConfiguration;
			buildSettings = {
				ALWAYS_SEARCH_USER_PATHS = NO;
				CLANG_CXX_LANGUAGE_STANDARD = "gnu++0x";
				CLANG_CXX_LIBRARY = "libc++";
				CLANG_ENABLE_MODULES = YES;
				CLANG_ENABLE_OBJC_ARC = YES;
				CLANG_WARN_BOOL_CONVERSION = YES;
				CLANG_WARN_CONSTANT_CONVERSION = YES;
				CLANG_WARN_DIRECT_OBJC_ISA_USAGE = YES_ERROR;
				CLANG_WARN_EMPTY_BODY = YES;
				CLANG_WARN_ENUM_CONVERSION = YES;
				CLANG_WARN_INT_CONVERSION = YES;
				CLANG_WARN_OBJC_ROOT_CLASS = YES_ERROR;
				CLANG_WARN_UNREACHABLE_CODE = YES;
				CLANG_WARN__DUPLICATE_METHOD_MATCH = YES;
				"CODE_SIGN_IDENTITY[sdk=iphoneos*]" = "iPhone Developer";
				COPY_PHASE_STRIP = NO;
				DEBUG_INFORMATION_FORMAT = dwarf;
				ENABLE_STRICT_OBJC_MSGSEND = YES;
				ENABLE_TESTABILITY = YES;
				GCC_C_LANGUAGE_STANDARD = gnu99;
				GCC_DYNAMIC_NO_PIC = NO;
				GCC_NO_COMMON_BLOCKS = YES;
				GCC_OPTIMIZATION_LEVEL = 0;
				GCC_PREPROCESSOR_DEFINITIONS = (
					"DEBUG=1",
					"$(inherited)",
				);
				GCC_WARN_64_TO_32_BIT_CONVERSION = YES;
				GCC_WARN_ABOUT_RETURN_TYPE = YES_ERROR;
				GCC_WARN_UNDECLARED_SELECTOR = YES;
				GCC_WARN_UNINITIALIZED_AUTOS = YES_AGGRESSIVE;
				GCC_WARN_UNUSED_FUNCTION = YES;
				GCC_WARN_UNUSED_VARIABLE = YES;
				IPHONEOS_DEPLOYMENT_TARGET = 9.2;
				MTL_ENABLE_DEBUG_INFO = YES;
				ONLY_ACTIVE_ARCH = YES;
				SDKROOT = iphoneos;
				SWIFT_OPTIMIZATION_LEVEL = "-Onone";
			};
			name = Debug;
		};
		C62E35151C45C9FB00F81F5A /* Release */ = {
			isa = XCBuildConfiguration;
			buildSettings = {
				ALWAYS_SEARCH_USER_PATHS = NO;
				CLANG_CXX_LANGUAGE_STANDARD = "gnu++0x";
				CLANG_CXX_LIBRARY = "libc++";
				CLANG_ENABLE_MODULES = YES;
				CLANG_ENABLE_OBJC_ARC = YES;
				CLANG_WARN_BOOL_CONVERSION = YES;
				CLANG_WARN_CONSTANT_CONVERSION = YES;
				CLANG_WARN_DIRECT_OBJC_ISA_USAGE = YES_ERROR;
				CLANG_WARN_EMPTY_BODY = YES;
				CLANG_WARN_ENUM_CONVERSION = YES;
				CLANG_WARN_INT_CONVERSION = YES;
				CLANG_WARN_OBJC_ROOT_CLASS = YES_ERROR;
				CLANG_WARN_UNREACHABLE_CODE = YES;
				CLANG_WARN__DUPLICATE_METHOD_MATCH = YES;
				"CODE_SIGN_IDENTITY[sdk=iphoneos*]" = "iPhone Developer";
				COPY_PHASE_STRIP = NO;
				DEBUG_INFORMATION_FORMAT = "dwarf-with-dsym";
				ENABLE_NS_ASSERTIONS = NO;
				ENABLE_STRICT_OBJC_MSGSEND = YES;
				GCC_C_LANGUAGE_STANDARD = gnu99;
				GCC_NO_COMMON_BLOCKS = YES;
				GCC_WARN_64_TO_32_BIT_CONVERSION = YES;
				GCC_WARN_ABOUT_RETURN_TYPE = YES_ERROR;
				GCC_WARN_UNDECLARED_SELECTOR = YES;
				GCC_WARN_UNINITIALIZED_AUTOS = YES_AGGRESSIVE;
				GCC_WARN_UNUSED_FUNCTION = YES;
				GCC_WARN_UNUSED_VARIABLE = YES;
				IPHONEOS_DEPLOYMENT_TARGET = 9.2;
				MTL_ENABLE_DEBUG_INFO = NO;
				SDKROOT = iphoneos;
				VALIDATE_PRODUCT = YES;
			};
			name = Release;
		};
		C62E35171C45C9FB00F81F5A /* Debug */ = {
			isa = XCBuildConfiguration;
			buildSettings = {
				ASSETCATALOG_COMPILER_APPICON_NAME = AppIcon;
				INFOPLIST_FILE = "Super Cool/Info.plist";
				LD_RUNPATH_SEARCH_PATHS = "$(inherited) @executable_path/Frameworks";
				PRODUCT_BUNDLE_IDENTIFIER = "net.knowhowe.Super-Cool";
				PRODUCT_NAME = "$(TARGET_NAME)";
			};
			name = Debug;
		};
		C62E35181C45C9FB00F81F5A /* Release */ = {
			isa = XCBuildConfiguration;
			buildSettings = {
				ASSETCATALOG_COMPILER_APPICON_NAME = AppIcon;
				INFOPLIST_FILE = "Super Cool/Info.plist";
				LD_RUNPATH_SEARCH_PATHS = "$(inherited) @executable_path/Frameworks";
				PRODUCT_BUNDLE_IDENTIFIER = "net.knowhowe.Super-Cool";
				PRODUCT_NAME = "$(TARGET_NAME)";
			};
			name = Release;
		};
/* End XCBuildConfiguration section */

/* Begin XCConfigurationList section */
		C62E34FF1C45C9FB00F81F5A /* Build configuration list for PBXProject "Super Cool" */ = {
			isa = XCConfigurationList;
			buildConfigurations = (
				C62E35141C45C9FB00F81F5A /* Debug */,
				C62E35151C45C9FB00F81F5A /* Release */,
			);
			defaultConfigurationIsVisible = 0;
			defaultConfigurationName = Release;
		};
		C62E35161C45C9FB00F81F5A /* Build configuration list for PBXNativeTarget "Super Cool" */ = {
			isa = XCConfigurationList;
			buildConfigurations = (
				C62E35171C45C9FB00F81F5A /* Debug */,
				C62E35181C45C9FB00F81F5A /* Release */,
			);
			defaultConfigurationIsVisible = 0;
		};
/* End XCConfigurationList section */
	};
	rootObject = C62E34FC1C45C9FB00F81F5A /* Project object */;
}
